// !$*UTF8*$!
{
	archiveVersion = 1;
	classes = {
	};
	objectVersion = 46;
	objects = {

/* Begin PBXBuildFile section */
		1091D0071D46827400CEC3BD /* AppDelegate.swift in Sources */ = {isa = PBXBuildFile; fileRef = 1091D0061D46827400CEC3BD /* AppDelegate.swift */; };
		1091D00C1D46827400CEC3BD /* Main.storyboard in Resources */ = {isa = PBXBuildFile; fileRef = 1091D00A1D46827400CEC3BD /* Main.storyboard */; };
		1091D00E1D46827500CEC3BD /* Assets.xcassets in Resources */ = {isa = PBXBuildFile; fileRef = 1091D00D1D46827500CEC3BD /* Assets.xcassets */; };
		1091D0111D46827500CEC3BD /* LaunchScreen.storyboard in Resources */ = {isa = PBXBuildFile; fileRef = 1091D00F1D46827500CEC3BD /* LaunchScreen.storyboard */; };
		1091D0191D46829200CEC3BD /* PhotosTableViewController.swift in Sources */ = {isa = PBXBuildFile; fileRef = 1091D0181D46829200CEC3BD /* PhotosTableViewController.swift */; };
		1091D01B1D4684B500CEC3BD /* Photos.swift in Sources */ = {isa = PBXBuildFile; fileRef = 1091D01A1D4684B500CEC3BD /* Photos.swift */; };
/* End PBXBuildFile section */

/* Begin PBXFileReference section */
		1091D0031D46827400CEC3BD /* APIPopulate.app */ = {isa = PBXFileReference; explicitFileType = wrapper.application; includeInIndex = 0; path = APIPopulate.app; sourceTree = BUILT_PRODUCTS_DIR; };
		1091D0061D46827400CEC3BD /* AppDelegate.swift */ = {isa = PBXFileReference; lastKnownFileType = sourcecode.swift; path = AppDelegate.swift; sourceTree = "<group>"; };
		1091D00B1D46827400CEC3BD /* Base */ = {isa = PBXFileReference; lastKnownFileType = file.storyboard; name = Base; path = Base.lproj/Main.storyboard; sourceTree = "<group>"; };
		1091D00D1D46827500CEC3BD /* Assets.xcassets */ = {isa = PBXFileReference; lastKnownFileType = folder.assetcatalog; path = Assets.xcassets; sourceTree = "<group>"; };
		1091D0101D46827500CEC3BD /* Base */ = {isa = PBXFileReference; lastKnownFileType = file.storyboard; name = Base; path = Base.lproj/LaunchScreen.storyboard; sourceTree = "<group>"; };
		1091D0121D46827500CEC3BD /* Info.plist */ = {isa = PBXFileReference; lastKnownFileType = text.plist.xml; path = Info.plist; sourceTree = "<group>"; };
		1091D0181D46829200CEC3BD /* PhotosTableViewController.swift */ = {isa = PBXFileReference; fileEncoding = 4; lastKnownFileType = sourcecode.swift; path = PhotosTableViewController.swift; sourceTree = "<group>"; };
		1091D01A1D4684B500CEC3BD /* Photos.swift */ = {isa = PBXFileReference; fileEncoding = 4; lastKnownFileType = sourcecode.swift; path = Photos.swift; sourceTree = "<group>"; };
/* End PBXFileReference section */

/* Begin PBXFrameworksBuildPhase section */
		1091D0001D46827400CEC3BD /* Frameworks */ = {
			isa = PBXFrameworksBuildPhase;
			buildActionMask = 2147483647;
			files = (
			);
			runOnlyForDeploymentPostprocessing = 0;
		};
/* End PBXFrameworksBuildPhase section */

/* Begin PBXGroup section */
		1091CFFA1D46827400CEC3BD = {
			isa = PBXGroup;
			children = (
				1091D0051D46827400CEC3BD /* APIPopulate */,
				1091D0041D46827400CEC3BD /* Products */,
			);
			sourceTree = "<group>";
		};
		1091D0041D46827400CEC3BD /* Products */ = {
			isa = PBXGroup;
			children = (
				1091D0031D46827400CEC3BD /* APIPopulate.app */,
			);
			name = Products;
			sourceTree = "<group>";
		};
		1091D0051D46827400CEC3BD /* APIPopulate */ = {
			isa = PBXGroup;
			children = (
				1091D0061D46827400CEC3BD /* AppDelegate.swift */,
				1091D0181D46829200CEC3BD /* PhotosTableViewController.swift */,
				1091D00A1D46827400CEC3BD /* Main.storyboard */,
				1091D00D1D46827500CEC3BD /* Assets.xcassets */,
				1091D00F1D46827500CEC3BD /* LaunchScreen.storyboard */,
				1091D0121D46827500CEC3BD /* Info.plist */,
				1091D01A1D4684B500CEC3BD /* Photos.swift */,
			);
			path = APIPopulate;
			sourceTree = "<group>";
		};
/* End PBXGroup section */

/* Begin PBXNativeTarget section */
		1091D0021D46827400CEC3BD /* APIPopulate */ = {
			isa = PBXNativeTarget;
			buildConfigurationList = 1091D0151D46827500CEC3BD /* Build configuration list for PBXNativeTarget "APIPopulate" */;
			buildPhases = (
				1091CFFF1D46827400CEC3BD /* Sources */,
				1091D0001D46827400CEC3BD /* Frameworks */,
				1091D0011D46827400CEC3BD /* Resources */,
			);
			buildRules = (
			);
			dependencies = (
			);
			name = APIPopulate;
			productName = APIPopulate;
			productReference = 1091D0031D46827400CEC3BD /* APIPopulate.app */;
			productType = "com.apple.product-type.application";
		};
/* End PBXNativeTarget section */

/* Begin PBXProject section */
		1091CFFB1D46827400CEC3BD /* Project object */ = {
			isa = PBXProject;
			attributes = {
				LastSwiftUpdateCheck = 0730;
				LastUpgradeCheck = 0730;
				ORGANIZATIONNAME = "Efrain Ayllon";
				TargetAttributes = {
					1091D0021D46827400CEC3BD = {
						CreatedOnToolsVersion = 7.3.1;
					};
				};
			};
			buildConfigurationList = 1091CFFE1D46827400CEC3BD /* Build configuration list for PBXProject "APIPopulate" */;
			compatibilityVersion = "Xcode 3.2";
			developmentRegion = English;
			hasScannedForEncodings = 0;
			knownRegions = (
				en,
				Base,
			);
			mainGroup = 1091CFFA1D46827400CEC3BD;
			productRefGroup = 1091D0041D46827400CEC3BD /* Products */;
			projectDirPath = "";
			projectRoot = "";
			targets = (
				1091D0021D46827400CEC3BD /* APIPopulate */,
			);
		};
/* End PBXProject section */

/* Begin PBXResourcesBuildPhase section */
		1091D0011D46827400CEC3BD /* Resources */ = {
			isa = PBXResourcesBuildPhase;
			buildActionMask = 2147483647;
			files = (
				1091D0111D46827500CEC3BD /* LaunchScreen.storyboard in Resources */,
				1091D00E1D46827500CEC3BD /* Assets.xcassets in Resources */,
				1091D00C1D46827400CEC3BD /* Main.storyboard in Resources */,
			);
			runOnlyForDeploymentPostprocessing = 0;
		};
/* End PBXResourcesBuildPhase section */

/* Begin PBXSourcesBuildPhase section */
		1091CFFF1D46827400CEC3BD /* Sources */ = {
			isa = PBXSourcesBuildPhase;
			buildActionMask = 2147483647;
			files = (
				1091D01B1D4684B500CEC3BD /* Photos.swift in Sources */,
				1091D0071D46827400CEC3BD /* AppDelegate.swift in Sources */,
				1091D0191D46829200CEC3BD /* PhotosTableViewController.swift in Sources */,
			);
			runOnlyForDeploymentPostprocessing = 0;
		};
/* End PBXSourcesBuildPhase section */

/* Begin PBXVariantGroup section */
		1091D00A1D46827400CEC3BD /* Main.storyboard */ = {
			isa = PBXVariantGroup;
			children = (
				1091D00B1D46827400CEC3BD /* Base */,
			);
			name = Main.storyboard;
			sourceTree = "<group>";
		};
		1091D00F1D46827500CEC3BD /* LaunchScreen.storyboard */ = {
			isa = PBXVariantGroup;
			children = (
				1091D0101D46827500CEC3BD /* Base */,
			);
			name = LaunchScreen.storyboard;
			sourceTree = "<group>";
		};
/* End PBXVariantGroup section */

/* Begin XCBuildConfiguration section */
		1091D0131D46827500CEC3BD /* Debug */ = {
			isa = XCBuildConfiguration;
			buildSettings = {
				ALWAYS_SEARCH_USER_PATHS = NO;
				CLANG_ANALYZER_NONNULL = YES;
				CLANG_CXX_LANGUAGE_STANDARD = "gnu++0x";
				CLANG_CXX_LIBRARY = "libc++";
				CLANG_ENABLE_MODULES = YES;
				CLANG_ENABLE_OBJC_ARC = YES;
				CLANG_WARN_BOOL_CONVERSION = YES;
				CLANG_WARN_CONSTANT_CONVERSION = YES;
				CLANG_WARN_DIRECT_OBJC_ISA_USAGE = YES_ERROR;
				CLANG_WARN_EMPTY_BODY = YES;
				CLANG_WARN_ENUM_CONVERSION = YES;
				CLANG_WARN_INT_CONVERSION = YES;
				CLANG_WARN_OBJC_ROOT_CLASS = YES_ERROR;
				CLANG_WARN_UNREACHABLE_CODE = YES;
				CLANG_WARN__DUPLICATE_METHOD_MATCH = YES;
				"CODE_SIGN_IDENTITY[sdk=iphoneos*]" = "iPhone Developer";
				COPY_PHASE_STRIP = NO;
				DEBUG_INFORMATION_FORMAT = dwarf;
				ENABLE_STRICT_OBJC_MSGSEND = YES;
				ENABLE_TESTABILITY = YES;
				GCC_C_LANGUAGE_STANDARD = gnu99;
				GCC_DYNAMIC_NO_PIC = NO;
				GCC_NO_COMMON_BLOCKS = YES;
				GCC_OPTIMIZATION_LEVEL = 0;
				GCC_PREPROCESSOR_DEFINITIONS = (
					"DEBUG=1",
					"$(inherited)",
				);
				GCC_WARN_64_TO_32_BIT_CONVERSION = YES;
				GCC_WARN_ABOUT_RETURN_TYPE = YES_ERROR;
				GCC_WARN_UNDECLARED_SELECTOR = YES;
				GCC_WARN_UNINITIALIZED_AUTOS = YES_AGGRESSIVE;
				GCC_WARN_UNUSED_FUNCTION = YES;
				GCC_WARN_UNUSED_VARIABLE = YES;
				IPHONEOS_DEPLOYMENT_TARGET = 9.3;
				MTL_ENABLE_DEBUG_INFO = YES;
				ONLY_ACTIVE_ARCH = YES;
				SDKROOT = iphoneos;
				SWIFT_OPTIMIZATION_LEVEL = "-Onone";
				TARGETED_DEVICE_FAMILY = "1,2";
			};
			name = Debug;
		};
		1091D0141D46827500CEC3BD /* Release */ = {
			isa = XCBuildConfiguration;
			buildSettings = {
				ALWAYS_SEARCH_USER_PATHS = NO;
				CLANG_ANALYZER_NONNULL = YES;
				CLANG_CXX_LANGUAGE_STANDARD = "gnu++0x";
				CLANG_CXX_LIBRARY = "libc++";
				CLANG_ENABLE_MODULES = YES;
				CLANG_ENABLE_OBJC_ARC = YES;
				CLANG_WARN_BOOL_CONVERSION = YES;
				CLANG_WARN_CONSTANT_CONVERSION = YES;
				CLANG_WARN_DIRECT_OBJC_ISA_USAGE = YES_ERROR;
				CLANG_WARN_EMPTY_BODY = YES;
				CLANG_WARN_ENUM_CONVERSION = YES;
				CLANG_WARN_INT_CONVERSION = YES;
				CLANG_WARN_OBJC_ROOT_CLASS = YES_ERROR;
				CLANG_WARN_UNREACHABLE_CODE = YES;
				CLANG_WARN__DUPLICATE_METHOD_MATCH = YES;
				"CODE_SIGN_IDENTITY[sdk=iphoneos*]" = "iPhone Developer";
				COPY_PHASE_STRIP = NO;
				DEBUG_INFORMATION_FORMAT = "dwarf-with-dsym";
				ENABLE_NS_ASSERTIONS = NO;
				ENABLE_STRICT_OBJC_MSGSEND = YES;
				GCC_C_LANGUAGE_STANDARD = gnu99;
				GCC_NO_COMMON_BLOCKS = YES;
				GCC_WARN_64_TO_32_BIT_CONVERSION = YES;
				GCC_WARN_ABOUT_RETURN_TYPE = YES_ERROR;
				GCC_WARN_UNDECLARED_SELECTOR = YES;
				GCC_WARN_UNINITIALIZED_AUTOS = YES_AGGRESSIVE;
				GCC_WARN_UNUSED_FUNCTION = YES;
				GCC_WARN_UNUSED_VARIABLE = YES;
				IPHONEOS_DEPLOYMENT_TARGET = 9.3;
				MTL_ENABLE_DEBUG_INFO = NO;
				SDKROOT = iphoneos;
				TARGETED_DEVICE_FAMILY = "1,2";
				VALIDATE_PRODUCT = YES;
			};
			name = Release;
		};
		1091D0161D46827500CEC3BD /* Debug */ = {
			isa = XCBuildConfiguration;
			buildSettings = {
				ASSETCATALOG_COMPILER_APPICON_NAME = AppIcon;
				INFOPLIST_FILE = APIPopulate/Info.plist;
				LD_RUNPATH_SEARCH_PATHS = "$(inherited) @executable_path/Frameworks";
				PRODUCT_BUNDLE_IDENTIFIER = com.earoa.APIPopulate;
				PRODUCT_NAME = "$(TARGET_NAME)";
			};
			name = Debug;
		};
		1091D0171D46827500CEC3BD /* Release */ = {
			isa = XCBuildConfiguration;
			buildSettings = {
				ASSETCATALOG_COMPILER_APPICON_NAME = AppIcon;
				INFOPLIST_FILE = APIPopulate/Info.plist;
				LD_RUNPATH_SEARCH_PATHS = "$(inherited) @executable_path/Frameworks";
				PRODUCT_BUNDLE_IDENTIFIER = com.earoa.APIPopulate;
				PRODUCT_NAME = "$(TARGET_NAME)";
			};
			name = Release;
		};
/* End XCBuildConfiguration section */

/* Begin XCConfigurationList section */
		1091CFFE1D46827400CEC3BD /* Build configuration list for PBXProject "APIPopulate" */ = {
			isa = XCConfigurationList;
			buildConfigurations = (
				1091D0131D46827500CEC3BD /* Debug */,
				1091D0141D46827500CEC3BD /* Release */,
			);
			defaultConfigurationIsVisible = 0;
			defaultConfigurationName = Release;
		};
		1091D0151D46827500CEC3BD /* Build configuration list for PBXNativeTarget "APIPopulate" */ = {
			isa = XCConfigurationList;
			buildConfigurations = (
				1091D0161D46827500CEC3BD /* Debug */,
				1091D0171D46827500CEC3BD /* Release */,
			);
			defaultConfigurationIsVisible = 0;
		};
/* End XCConfigurationList section */
	};
	rootObject = 1091CFFB1D46827400CEC3BD /* Project object */;
}
